PODS:
  - boost (1.76.0)
  - BVLinearGradient (2.8.3):
    - React-Core
  - DoubleConversion (1.1.6)
  - FBLazyVector (0.69.12)
  - FBReactNativeSpec (0.69.12):
    - RCT-Folly (= 2021.06.28.00-v2)
    - RCTRequired (= 0.69.12)
    - RCTTypeSafety (= 0.69.12)
    - React-Core (= 0.69.12)
    - React-jsi (= 0.69.12)
    - ReactCommon/turbomodule/core (= 0.69.12)
  - Firebase/CoreOnly (8.15.0):
    - FirebaseCore (= 8.15.0)
  - Firebase/Crashlytics (8.15.0):
    - Firebase/CoreOnly
    - FirebaseCrashlytics (~> 8.15.0)
  - FirebaseCore (8.15.0):
    - FirebaseCoreDiagnostics (~> 8.0)
    - GoogleUtilities/Environment (~> 7.7)
    - GoogleUtilities/Logger (~> 7.7)
  - FirebaseCoreDiagnostics (8.15.0):
    - GoogleDataTransport (~> 9.1)
    - GoogleUtilities/Environment (~> 7.7)
    - GoogleUtilities/Logger (~> 7.7)
    - nanopb (~> 2.30908.0)
  - FirebaseCrashlytics (8.15.0):
    - FirebaseCore (~> 8.0)
    - FirebaseInstallations (~> 8.0)
    - GoogleDataTransport (~> 9.1)
    - GoogleUtilities/Environment (~> 7.7)
    - nanopb (~> 2.30908.0)
    - PromisesObjC (< 3.0, >= 1.2)
  - FirebaseInstallations (8.15.0):
    - FirebaseCore (~> 8.0)
    - GoogleUtilities/Environment (~> 7.7)
    - GoogleUtilities/UserDefaults (~> 7.7)
    - PromisesObjC (< 3.0, >= 1.2)
  - fmt (6.2.1)
  - glog (0.3.5)
  - GoogleDataTransport (9.2.0):
    - GoogleUtilities/Environment (~> 7.7)
    - nanopb (< 2.30910.0, >= 2.30908.0)
    - PromisesObjC (< 3.0, >= 1.2)
  - GoogleUtilities/Environment (7.7.0):
    - PromisesObjC (< 3.0, >= 1.2)
  - GoogleUtilities/Logger (7.7.0):
    - GoogleUtilities/Environment
  - GoogleUtilities/UserDefaults (7.7.0):
    - GoogleUtilities/Logger
  - nanopb (2.30908.0):
    - nanopb/decode (= 2.30908.0)
    - nanopb/encode (= 2.30908.0)
  - nanopb/decode (2.30908.0)
  - nanopb/encode (2.30908.0)
  - Permission-Camera (3.10.1):
    - RNPermissions
  - Permission-Notifications (3.10.1):
    - RNPermissions
  - PromisesObjC (2.1.1)
  - RCT-Folly (2021.06.28.00-v2):
    - boost
    - DoubleConversion
    - fmt (~> 6.2.1)
    - glog
    - RCT-Folly/Default (= 2021.06.28.00-v2)
  - RCT-Folly/Default (2021.06.28.00-v2):
    - boost
    - DoubleConversion
    - fmt (~> 6.2.1)
    - glog
  - RCTRequired (0.69.12)
  - RCTTypeSafety (0.69.12):
    - FBLazyVector (= 0.69.12)
    - RCTRequired (= 0.69.12)
    - React-Core (= 0.69.12)
  - React (0.69.12):
    - React-Core (= 0.69.12)
    - React-Core/DevSupport (= 0.69.12)
    - React-Core/RCTWebSocket (= 0.69.12)
    - React-RCTActionSheet (= 0.69.12)
    - React-RCTAnimation (= 0.69.12)
    - React-RCTBlob (= 0.69.12)
    - React-RCTImage (= 0.69.12)
    - React-RCTLinking (= 0.69.12)
    - React-RCTNetwork (= 0.69.12)
    - React-RCTSettings (= 0.69.12)
    - React-RCTText (= 0.69.12)
    - React-RCTVibration (= 0.69.12)
  - React-bridging (0.69.12):
    - RCT-Folly (= 2021.06.28.00-v2)
    - React-jsi (= 0.69.12)
  - React-callinvoker (0.69.12)
  - React-Codegen (0.69.12):
    - FBReactNativeSpec (= 0.69.12)
    - RCT-Folly (= 2021.06.28.00-v2)
    - RCTRequired (= 0.69.12)
    - RCTTypeSafety (= 0.69.12)
    - React-Core (= 0.69.12)
    - React-jsi (= 0.69.12)
    - React-jsiexecutor (= 0.69.12)
    - ReactCommon/turbomodule/core (= 0.69.12)
  - React-Core (0.69.12):
    - glog
    - RCT-Folly (= 2021.06.28.00-v2)
    - React-Core/Default (= 0.69.12)
    - React-cxxreact (= 0.69.12)
    - React-jsi (= 0.69.12)
    - React-jsiexecutor (= 0.69.12)
    - React-perflogger (= 0.69.12)
    - Yoga
  - React-Core/CoreModulesHeaders (0.69.12):
    - glog
    - RCT-Folly (= 2021.06.28.00-v2)
    - React-Core/Default
    - React-cxxreact (= 0.69.12)
    - React-jsi (= 0.69.12)
    - React-jsiexecutor (= 0.69.12)
    - React-perflogger (= 0.69.12)
    - Yoga
  - React-Core/Default (0.69.12):
    - glog
    - RCT-Folly (= 2021.06.28.00-v2)
    - React-cxxreact (= 0.69.12)
    - React-jsi (= 0.69.12)
    - React-jsiexecutor (= 0.69.12)
    - React-perflogger (= 0.69.12)
    - Yoga
  - React-Core/DevSupport (0.69.12):
    - glog
    - RCT-Folly (= 2021.06.28.00-v2)
    - React-Core/Default (= 0.69.12)
    - React-Core/RCTWebSocket (= 0.69.12)
    - React-cxxreact (= 0.69.12)
    - React-jsi (= 0.69.12)
    - React-jsiexecutor (= 0.69.12)
    - React-jsinspector (= 0.69.12)
    - React-perflogger (= 0.69.12)
    - Yoga
  - React-Core/RCTActionSheetHeaders (0.69.12):
    - glog
    - RCT-Folly (= 2021.06.28.00-v2)
    - React-Core/Default
    - React-cxxreact (= 0.69.12)
    - React-jsi (= 0.69.12)
    - React-jsiexecutor (= 0.69.12)
    - React-perflogger (= 0.69.12)
    - Yoga
  - React-Core/RCTAnimationHeaders (0.69.12):
    - glog
    - RCT-Folly (= 2021.06.28.00-v2)
    - React-Core/Default
    - React-cxxreact (= 0.69.12)
    - React-jsi (= 0.69.12)
    - React-jsiexecutor (= 0.69.12)
    - React-perflogger (= 0.69.12)
    - Yoga
  - React-Core/RCTBlobHeaders (0.69.12):
    - glog
    - RCT-Folly (= 2021.06.28.00-v2)
    - React-Core/Default
    - React-cxxreact (= 0.69.12)
    - React-jsi (= 0.69.12)
    - React-jsiexecutor (= 0.69.12)
    - React-perflogger (= 0.69.12)
    - Yoga
  - React-Core/RCTImageHeaders (0.69.12):
    - glog
    - RCT-Folly (= 2021.06.28.00-v2)
    - React-Core/Default
    - React-cxxreact (= 0.69.12)
    - React-jsi (= 0.69.12)
    - React-jsiexecutor (= 0.69.12)
    - React-perflogger (= 0.69.12)
    - Yoga
  - React-Core/RCTLinkingHeaders (0.69.12):
    - glog
    - RCT-Folly (= 2021.06.28.00-v2)
    - React-Core/Default
    - React-cxxreact (= 0.69.12)
    - React-jsi (= 0.69.12)
    - React-jsiexecutor (= 0.69.12)
    - React-perflogger (= 0.69.12)
    - Yoga
  - React-Core/RCTNetworkHeaders (0.69.12):
    - glog
    - RCT-Folly (= 2021.06.28.00-v2)
    - React-Core/Default
    - React-cxxreact (= 0.69.12)
    - React-jsi (= 0.69.12)
    - React-jsiexecutor (= 0.69.12)
    - React-perflogger (= 0.69.12)
    - Yoga
  - React-Core/RCTSettingsHeaders (0.69.12):
    - glog
    - RCT-Folly (= 2021.06.28.00-v2)
    - React-Core/Default
    - React-cxxreact (= 0.69.12)
    - React-jsi (= 0.69.12)
    - React-jsiexecutor (= 0.69.12)
    - React-perflogger (= 0.69.12)
    - Yoga
  - React-Core/RCTTextHeaders (0.69.12):
    - glog
    - RCT-Folly (= 2021.06.28.00-v2)
    - React-Core/Default
    - React-cxxreact (= 0.69.12)
    - React-jsi (= 0.69.12)
    - React-jsiexecutor (= 0.69.12)
    - React-perflogger (= 0.69.12)
    - Yoga
  - React-Core/RCTVibrationHeaders (0.69.12):
    - glog
    - RCT-Folly (= 2021.06.28.00-v2)
    - React-Core/Default
    - React-cxxreact (= 0.69.12)
    - React-jsi (= 0.69.12)
    - React-jsiexecutor (= 0.69.12)
    - React-perflogger (= 0.69.12)
    - Yoga
  - React-Core/RCTWebSocket (0.69.12):
    - glog
    - RCT-Folly (= 2021.06.28.00-v2)
    - React-Core/Default (= 0.69.12)
    - React-cxxreact (= 0.69.12)
    - React-jsi (= 0.69.12)
    - React-jsiexecutor (= 0.69.12)
    - React-perflogger (= 0.69.12)
    - Yoga
  - React-CoreModules (0.69.12):
    - RCT-Folly (= 2021.06.28.00-v2)
    - RCTTypeSafety (= 0.69.12)
    - React-Codegen (= 0.69.12)
    - React-Core/CoreModulesHeaders (= 0.69.12)
    - React-jsi (= 0.69.12)
    - React-RCTImage (= 0.69.12)
    - ReactCommon/turbomodule/core (= 0.69.12)
  - React-cxxreact (0.69.12):
    - boost (= 1.76.0)
    - DoubleConversion
    - glog
    - RCT-Folly (= 2021.06.28.00-v2)
    - React-callinvoker (= 0.69.12)
    - React-jsi (= 0.69.12)
    - React-jsinspector (= 0.69.12)
    - React-logger (= 0.69.12)
    - React-perflogger (= 0.69.12)
    - React-runtimeexecutor (= 0.69.12)
  - React-jsi (0.69.12):
    - boost (= 1.76.0)
    - DoubleConversion
    - glog
    - RCT-Folly (= 2021.06.28.00-v2)
    - React-jsi/Default (= 0.69.12)
  - React-jsi/Default (0.69.12):
    - boost (= 1.76.0)
    - DoubleConversion
    - glog
    - RCT-Folly (= 2021.06.28.00-v2)
  - React-jsiexecutor (0.69.12):
    - DoubleConversion
    - glog
    - RCT-Folly (= 2021.06.28.00-v2)
    - React-cxxreact (= 0.69.12)
    - React-jsi (= 0.69.12)
    - React-perflogger (= 0.69.12)
  - React-jsinspector (0.69.12)
  - React-logger (0.69.12):
    - glog
  - react-native-blob-util (0.17.3):
    - React-Core
  - react-native-date-picker (4.3.5):
    - React-Core
  - react-native-device-brightness (1.2.7):
    - React
  - react-native-encrypted-storage (4.0.3):
    - React-Core
  - react-native-geolocation (3.1.0):
    - React-Core
  - react-native-html-to-pdf (0.12.0):
    - React-Core
  - react-native-image-picker (4.10.3):
    - React-Core
  - react-native-netinfo (9.5.0):
    - React-Core
  - react-native-notifications (4.3.5):
    - React-Core
  - react-native-safe-area-context (4.8.2):
    - React-Core
  - react-native-webview (12.4.0):
    - React-Core
  - React-perflogger (0.69.12)
  - React-RCTActionSheet (0.69.12):
    - React-Core/RCTActionSheetHeaders (= 0.69.12)
  - React-RCTAnimation (0.69.12):
    - RCT-Folly (= 2021.06.28.00-v2)
    - RCTTypeSafety (= 0.69.12)
    - React-Codegen (= 0.69.12)
    - React-Core/RCTAnimationHeaders (= 0.69.12)
    - React-jsi (= 0.69.12)
    - ReactCommon/turbomodule/core (= 0.69.12)
  - React-RCTBlob (0.69.12):
    - RCT-Folly (= 2021.06.28.00-v2)
    - React-Codegen (= 0.69.12)
    - React-Core/RCTBlobHeaders (= 0.69.12)
    - React-Core/RCTWebSocket (= 0.69.12)
    - React-jsi (= 0.69.12)
    - React-RCTNetwork (= 0.69.12)
    - ReactCommon/turbomodule/core (= 0.69.12)
  - React-RCTImage (0.69.12):
    - RCT-Folly (= 2021.06.28.00-v2)
    - RCTTypeSafety (= 0.69.12)
    - React-Codegen (= 0.69.12)
    - React-Core/RCTImageHeaders (= 0.69.12)
    - React-jsi (= 0.69.12)
    - React-RCTNetwork (= 0.69.12)
    - ReactCommon/turbomodule/core (= 0.69.12)
  - React-RCTLinking (0.69.12):
    - React-Codegen (= 0.69.12)
    - React-Core/RCTLinkingHeaders (= 0.69.12)
    - React-jsi (= 0.69.12)
    - ReactCommon/turbomodule/core (= 0.69.12)
  - React-RCTNetwork (0.69.12):
    - RCT-Folly (= 2021.06.28.00-v2)
    - RCTTypeSafety (= 0.69.12)
    - React-Codegen (= 0.69.12)
    - React-Core/RCTNetworkHeaders (= 0.69.12)
    - React-jsi (= 0.69.12)
    - ReactCommon/turbomodule/core (= 0.69.12)
  - React-RCTSettings (0.69.12):
    - RCT-Folly (= 2021.06.28.00-v2)
    - RCTTypeSafety (= 0.69.12)
    - React-Codegen (= 0.69.12)
    - React-Core/RCTSettingsHeaders (= 0.69.12)
    - React-jsi (= 0.69.12)
    - ReactCommon/turbomodule/core (= 0.69.12)
  - React-RCTText (0.69.12):
    - React-Core/RCTTextHeaders (= 0.69.12)
  - React-RCTVibration (0.69.12):
    - RCT-Folly (= 2021.06.28.00-v2)
    - React-Codegen (= 0.69.12)
    - React-Core/RCTVibrationHeaders (= 0.69.12)
    - React-jsi (= 0.69.12)
    - ReactCommon/turbomodule/core (= 0.69.12)
  - React-runtimeexecutor (0.69.12):
    - React-jsi (= 0.69.12)
  - ReactCommon/turbomodule/core (0.69.12):
    - DoubleConversion
    - glog
    - RCT-Folly (= 2021.06.28.00-v2)
    - React-bridging (= 0.69.12)
    - React-callinvoker (= 0.69.12)
    - React-Core (= 0.69.12)
    - React-cxxreact (= 0.69.12)
    - React-jsi (= 0.69.12)
    - React-logger (= 0.69.12)
    - React-perflogger (= 0.69.12)
  - RNBootSplash (4.7.5):
    - React-Core
  - RNCAsyncStorage (1.12.1):
    - React-Core
  - RNCClipboard (1.13.2):
    - React-Core
  - RNCMaskedView (0.2.9):
    - React-Core
  - RNDeviceInfo (10.12.0):
    - React-Core
  - RNFBApp (14.11.1):
    - Firebase/CoreOnly (= 8.15.0)
    - React-Core
  - RNFBCrashlytics (14.11.1):
    - Firebase/Crashlytics (= 8.15.0)
    - React-Core
    - RNFBApp
  - RNFileViewer (2.1.5):
    - React-Core
  - RNFlashList (1.6.3):
    - React-Core
  - RNFS (2.20.0):
    - React-Core
  - RNGestureHandler (2.14.1):
    - React-Core
  - RNPermissions (3.10.1):
    - React-Core
  - RNReanimated (2.17.0):
    - DoubleConversion
    - FBLazyVector
    - FBReactNativeSpec
    - glog
    - RCT-Folly
    - RCTRequired
    - RCTTypeSafety
    - React-callinvoker
    - React-Core
    - React-Core/DevSupport
    - React-Core/RCTWebSocket
    - React-CoreModules
    - React-cxxreact
    - React-jsi
    - React-jsiexecutor
    - React-jsinspector
    - React-RCTActionSheet
    - React-RCTAnimation
    - React-RCTBlob
    - React-RCTImage
    - React-RCTLinking
    - React-RCTNetwork
    - React-RCTSettings
    - React-RCTText
    - ReactCommon/turbomodule/core
    - Yoga
  - RNScreens (3.29.0):
    - React-Core
    - React-RCTImage
  - RNSentry (4.15.2):
    - React-Core
    - Sentry/HybridSDK (= 7.31.5)
  - RNSVG (13.14.0):
    - React-Core
  - Sentry/HybridSDK (7.31.5)
  - Yoga (1.14.0)

DEPENDENCIES:
  - boost (from `../node_modules/react-native/third-party-podspecs/boost.podspec`)
  - BVLinearGradient (from `../node_modules/react-native-linear-gradient`)
  - DoubleConversion (from `../node_modules/react-native/third-party-podspecs/DoubleConversion.podspec`)
  - FBLazyVector (from `../node_modules/react-native/Libraries/FBLazyVector`)
  - FBReactNativeSpec (from `../node_modules/react-native/React/FBReactNativeSpec`)
  - glog (from `../node_modules/react-native/third-party-podspecs/glog.podspec`)
  - Permission-Camera (from `../node_modules/react-native-permissions/ios/Camera`)
  - Permission-Notifications (from `../node_modules/react-native-permissions/ios/Notifications`)
  - RCT-Folly (from `../node_modules/react-native/third-party-podspecs/RCT-Folly.podspec`)
  - RCTRequired (from `../node_modules/react-native/Libraries/RCTRequired`)
  - RCTTypeSafety (from `../node_modules/react-native/Libraries/TypeSafety`)
  - React (from `../node_modules/react-native/`)
  - React-bridging (from `../node_modules/react-native/ReactCommon`)
  - React-callinvoker (from `../node_modules/react-native/ReactCommon/callinvoker`)
  - React-Codegen (from `build/generated/ios`)
  - React-Core (from `../node_modules/react-native/`)
  - React-Core/RCTWebSocket (from `../node_modules/react-native/`)
  - React-CoreModules (from `../node_modules/react-native/React/CoreModules`)
  - React-cxxreact (from `../node_modules/react-native/ReactCommon/cxxreact`)
  - React-jsi (from `../node_modules/react-native/ReactCommon/jsi`)
  - React-jsiexecutor (from `../node_modules/react-native/ReactCommon/jsiexecutor`)
  - React-jsinspector (from `../node_modules/react-native/ReactCommon/jsinspector`)
  - React-logger (from `../node_modules/react-native/ReactCommon/logger`)
  - react-native-blob-util (from `../node_modules/react-native-blob-util`)
  - react-native-date-picker (from `../node_modules/react-native-date-picker`)
  - "react-native-device-brightness (from `../node_modules/@adrianso/react-native-device-brightness`)"
  - react-native-encrypted-storage (from `../node_modules/react-native-encrypted-storage`)
  - "react-native-geolocation (from `../node_modules/@react-native-community/geolocation`)"
  - react-native-html-to-pdf (from `../node_modules/react-native-html-to-pdf`)
  - react-native-image-picker (from `../node_modules/react-native-image-picker`)
  - "react-native-netinfo (from `../node_modules/@react-native-community/netinfo`)"
  - react-native-notifications (from `../node_modules/react-native-notifications`)
  - react-native-safe-area-context (from `../node_modules/react-native-safe-area-context`)
  - react-native-webview (from `../node_modules/react-native-webview`)
  - React-perflogger (from `../node_modules/react-native/ReactCommon/reactperflogger`)
  - React-RCTActionSheet (from `../node_modules/react-native/Libraries/ActionSheetIOS`)
  - React-RCTAnimation (from `../node_modules/react-native/Libraries/NativeAnimation`)
  - React-RCTBlob (from `../node_modules/react-native/Libraries/Blob`)
  - React-RCTImage (from `../node_modules/react-native/Libraries/Image`)
  - React-RCTLinking (from `../node_modules/react-native/Libraries/LinkingIOS`)
  - React-RCTNetwork (from `../node_modules/react-native/Libraries/Network`)
  - React-RCTSettings (from `../node_modules/react-native/Libraries/Settings`)
  - React-RCTText (from `../node_modules/react-native/Libraries/Text`)
  - React-RCTVibration (from `../node_modules/react-native/Libraries/Vibration`)
  - React-runtimeexecutor (from `../node_modules/react-native/ReactCommon/runtimeexecutor`)
  - ReactCommon/turbomodule/core (from `../node_modules/react-native/ReactCommon`)
  - RNBootSplash (from `../node_modules/react-native-bootsplash`)
  - "RNCAsyncStorage (from `../node_modules/@react-native-community/async-storage`)"
  - "RNCClipboard (from `../node_modules/@react-native-clipboard/clipboard`)"
  - "RNCMaskedView (from `../node_modules/@react-native-masked-view/masked-view`)"
  - RNDeviceInfo (from `../node_modules/react-native-device-info`)
  - "RNFBApp (from `../node_modules/@react-native-firebase/app`)"
  - "RNFBCrashlytics (from `../node_modules/@react-native-firebase/crashlytics`)"
  - RNFileViewer (from `../node_modules/react-native-file-viewer`)
  - "RNFlashList (from `../node_modules/@shopify/flash-list`)"
  - RNFS (from `../node_modules/react-native-fs`)
  - RNGestureHandler (from `../node_modules/react-native-gesture-handler`)
  - RNPermissions (from `../node_modules/react-native-permissions`)
  - RNReanimated (from `../node_modules/react-native-reanimated`)
  - RNScreens (from `../node_modules/react-native-screens`)
  - "RNSentry (from `../node_modules/@sentry/react-native`)"
  - RNSVG (from `../node_modules/react-native-svg`)
  - Yoga (from `../node_modules/react-native/ReactCommon/yoga`)

SPEC REPOS:
  trunk:
    - Firebase
    - FirebaseCore
    - FirebaseCoreDiagnostics
    - FirebaseCrashlytics
    - FirebaseInstallations
    - fmt
    - GoogleDataTransport
    - GoogleUtilities
    - nanopb
    - PromisesObjC
    - Sentry

EXTERNAL SOURCES:
  boost:
    :podspec: "../node_modules/react-native/third-party-podspecs/boost.podspec"
  BVLinearGradient:
    :path: "../node_modules/react-native-linear-gradient"
  DoubleConversion:
    :podspec: "../node_modules/react-native/third-party-podspecs/DoubleConversion.podspec"
  FBLazyVector:
    :path: "../node_modules/react-native/Libraries/FBLazyVector"
  FBReactNativeSpec:
    :path: "../node_modules/react-native/React/FBReactNativeSpec"
  glog:
    :podspec: "../node_modules/react-native/third-party-podspecs/glog.podspec"
  Permission-Camera:
    :path: "../node_modules/react-native-permissions/ios/Camera"
  Permission-Notifications:
    :path: "../node_modules/react-native-permissions/ios/Notifications"
  RCT-Folly:
    :podspec: "../node_modules/react-native/third-party-podspecs/RCT-Folly.podspec"
  RCTRequired:
    :path: "../node_modules/react-native/Libraries/RCTRequired"
  RCTTypeSafety:
    :path: "../node_modules/react-native/Libraries/TypeSafety"
  React:
    :path: "../node_modules/react-native/"
  React-bridging:
    :path: "../node_modules/react-native/ReactCommon"
  React-callinvoker:
    :path: "../node_modules/react-native/ReactCommon/callinvoker"
  React-Codegen:
    :path: build/generated/ios
  React-Core:
    :path: "../node_modules/react-native/"
  React-CoreModules:
    :path: "../node_modules/react-native/React/CoreModules"
  React-cxxreact:
    :path: "../node_modules/react-native/ReactCommon/cxxreact"
  React-jsi:
    :path: "../node_modules/react-native/ReactCommon/jsi"
  React-jsiexecutor:
    :path: "../node_modules/react-native/ReactCommon/jsiexecutor"
  React-jsinspector:
    :path: "../node_modules/react-native/ReactCommon/jsinspector"
  React-logger:
    :path: "../node_modules/react-native/ReactCommon/logger"
  react-native-blob-util:
    :path: "../node_modules/react-native-blob-util"
  react-native-date-picker:
    :path: "../node_modules/react-native-date-picker"
  react-native-device-brightness:
    :path: "../node_modules/@adrianso/react-native-device-brightness"
  react-native-encrypted-storage:
    :path: "../node_modules/react-native-encrypted-storage"
  react-native-geolocation:
    :path: "../node_modules/@react-native-community/geolocation"
  react-native-html-to-pdf:
    :path: "../node_modules/react-native-html-to-pdf"
  react-native-image-picker:
    :path: "../node_modules/react-native-image-picker"
  react-native-netinfo:
    :path: "../node_modules/@react-native-community/netinfo"
  react-native-notifications:
    :path: "../node_modules/react-native-notifications"
  react-native-safe-area-context:
    :path: "../node_modules/react-native-safe-area-context"
  react-native-webview:
    :path: "../node_modules/react-native-webview"
  React-perflogger:
    :path: "../node_modules/react-native/ReactCommon/reactperflogger"
  React-RCTActionSheet:
    :path: "../node_modules/react-native/Libraries/ActionSheetIOS"
  React-RCTAnimation:
    :path: "../node_modules/react-native/Libraries/NativeAnimation"
  React-RCTBlob:
    :path: "../node_modules/react-native/Libraries/Blob"
  React-RCTImage:
    :path: "../node_modules/react-native/Libraries/Image"
  React-RCTLinking:
    :path: "../node_modules/react-native/Libraries/LinkingIOS"
  React-RCTNetwork:
    :path: "../node_modules/react-native/Libraries/Network"
  React-RCTSettings:
    :path: "../node_modules/react-native/Libraries/Settings"
  React-RCTText:
    :path: "../node_modules/react-native/Libraries/Text"
  React-RCTVibration:
    :path: "../node_modules/react-native/Libraries/Vibration"
  React-runtimeexecutor:
    :path: "../node_modules/react-native/ReactCommon/runtimeexecutor"
  ReactCommon:
    :path: "../node_modules/react-native/ReactCommon"
  RNBootSplash:
    :path: "../node_modules/react-native-bootsplash"
  RNCAsyncStorage:
    :path: "../node_modules/@react-native-community/async-storage"
  RNCClipboard:
    :path: "../node_modules/@react-native-clipboard/clipboard"
  RNCMaskedView:
    :path: "../node_modules/@react-native-masked-view/masked-view"
  RNDeviceInfo:
    :path: "../node_modules/react-native-device-info"
  RNFBApp:
    :path: "../node_modules/@react-native-firebase/app"
  RNFBCrashlytics:
    :path: "../node_modules/@react-native-firebase/crashlytics"
  RNFileViewer:
    :path: "../node_modules/react-native-file-viewer"
  RNFlashList:
    :path: "../node_modules/@shopify/flash-list"
  RNFS:
    :path: "../node_modules/react-native-fs"
  RNGestureHandler:
    :path: "../node_modules/react-native-gesture-handler"
  RNPermissions:
    :path: "../node_modules/react-native-permissions"
  RNReanimated:
    :path: "../node_modules/react-native-reanimated"
  RNScreens:
    :path: "../node_modules/react-native-screens"
  RNSentry:
    :path: "../node_modules/@sentry/react-native"
  RNSVG:
    :path: "../node_modules/react-native-svg"
  Yoga:
    :path: "../node_modules/react-native/ReactCommon/yoga"

SPEC CHECKSUMS:
  boost: a7c83b31436843459a1961bfd74b96033dc77234
  BVLinearGradient: 880f91a7854faff2df62518f0281afb1c60d49a3
  DoubleConversion: 5189b271737e1565bdce30deb4a08d647e3f5f54
  FBLazyVector: 6fab494fa11340bd4206edaebed07279a6bafad4
  FBReactNativeSpec: 76d7b03876b0ad0b86bc5c84d23af8e64db8e096
  Firebase: 5f8193dff4b5b7c5d5ef72ae54bb76c08e2b841d
  FirebaseCore: 5743c5785c074a794d35f2fff7ecc254a91e08b1
  FirebaseCoreDiagnostics: 92e07a649aeb66352b319d43bdd2ee3942af84cb
  FirebaseCrashlytics: feb07e4e9187be3c23c6a846cce4824e5ce2dd0b
  FirebaseInstallations: 40bd9054049b2eae9a2c38ef1c3dd213df3605cd
  fmt: ff9d55029c625d3757ed641535fd4a75fedc7ce9
  glog: 3d02b25ca00c2d456734d0bcff864cbc62f6ae1a
  GoogleDataTransport: 1c8145da7117bd68bbbed00cf304edb6a24de00f
  GoogleUtilities: e0913149f6b0625b553d70dae12b49fc62914fd1
  nanopb: a0ba3315591a9ae0a16a309ee504766e90db0c96
  Permission-Camera: 9b70902f34a83c10e198d2d01f0e453e58842776
  Permission-Notifications: 817390e18898f34adad940cd4141e771e77086ea
  PromisesObjC: ab77feca74fa2823e7af4249b8326368e61014cb
  RCT-Folly: b9d9fe1fc70114b751c076104e52f3b1b5e5a95a
  RCTRequired: b9e53f0512019150020156fa0dacd6583ab838be
  RCTTypeSafety: 04b72202bef8302802610dee70bb9407a245b64c
  React: 59288a7ca8104eb8002f01378606fe42eeabf4b5
  React-bridging: b042b8c217f04e568409786de5f221793be49c31
  React-callinvoker: c7b83d582112e2d5a049dc46abf4c64d871b5c45
  React-Codegen: 5747238d0446e3ab1deb967e749a2bfde6a5c866
  React-Core: d8e1250039d47112513757038d9d9f9b638565c6
  React-CoreModules: 63cceb0040ec2b43a258113193be91f934b37f1b
  React-cxxreact: 429404aac55d8bffca77328002452fc7fa8b29e8
  React-jsi: a8f60feb519ac00085eb9a39d20eaa65c96b51ea
  React-jsiexecutor: ce0b9aa647bdf94126eb2ee1f235d329eb8c0aec
  React-jsinspector: f275698149311abc8c32ebb97797d6b97c44adde
  React-logger: da69d7f1c9501c78cd60776d52a60d7fa5e4d9c2
  react-native-blob-util: 99f4d79189252f597fe0d810c57a3733b1b1dea6
  react-native-date-picker: 90d1d60802a20085125657940b944f2bb4e5c113
  react-native-device-brightness: 886cfbfb49a32b6de4ccfc1f720776dc5f381d24
  react-native-encrypted-storage: db300a3f2f0aba1e818417c1c0a6be549038deb7
  react-native-geolocation: ef66fb798d96284c6043f0b16c15d9d1d4955db4
  react-native-html-to-pdf: 4c5c6e26819fe202971061594058877aa9b25265
  react-native-image-picker: 60f4246eb5bb7187fc15638a8c1f13abd3820695
  react-native-netinfo: 48c5f79a84fbc3ba1d28a8b0d04adeda72885fa8
  react-native-notifications: 504143d59f9628c3b0c22fd0ccf34b65b9182d01
  react-native-safe-area-context: 0ee144a6170530ccc37a0fd9388e28d06f516a89
  react-native-webview: 65f1143983cfeaedf02fd25b2621d3f4a37075de
  React-perflogger: 5ade0a1627352f1647d283e78331819bb46cceae
  React-RCTActionSheet: 8e94f1e46e09c7035b81fe56c0ed8d78f3ccd340
  React-RCTAnimation: bf2af72f03cf16528db9a830be69fa04b341a1b7
  React-RCTBlob: 4d076b8bb55e631ad1280280ecba674fb1e46d16
  React-RCTImage: 073dcc1689466851fe120c7f8a3cfe3db0196c9f
  React-RCTLinking: 8872818dc894a17bf17cb4b120f76917bf2e9f0a
  React-RCTNetwork: 1e9c873f4a210784a4fb752194cb595502112464
  React-RCTSettings: 1475a717c54f4a9ed627dffffad2470c4b15a419
  React-RCTText: ed34088172126f84130eea859d62fedca0dd7975
  React-RCTVibration: c9cd9f21bbcb3b9c6deedbb66f13e373f57dd795
  React-runtimeexecutor: ea78653fbc68bd6f2d3f5e7e311bc5a9dc8bfeca
  ReactCommon: f4bb9e5209ea5c3c6ab25e100895119e58d6e50a
  RNBootSplash: 85f6b879c080e958afdb4c62ee04497b05fd7552
  RNCAsyncStorage: b03032fdbdb725bea0bd9e5ec5a7272865ae7398
  RNCClipboard: 60fed4b71560d7bfe40e9d35dea9762b024da86d
  RNCMaskedView: 949696f25ec596bfc697fc88e6f95cf0c79669b6
  RNDeviceInfo: db5c64a060e66e5db3102d041ebe3ef307a85120
  RNFBApp: 9646e09d041ea159b84584865212e4cf33acd179
  RNFBCrashlytics: f2b5e456c4969bdec60482e83d973d873ff17f1d
  RNFileViewer: ce7ca3ac370e18554d35d6355cffd7c30437c592
  RNFlashList: 4b4b6b093afc0df60ae08f9cbf6ccd4c836c667a
  RNFS: 4ac0f0ea233904cb798630b3c077808c06931688
  RNGestureHandler: e98441928705d9d1184b599d7c1c6df2dd4f7724
  RNPermissions: 4e3714e18afe7141d000beae3755e5b5fb2f5e05
  RNReanimated: c6f8f70e96dd6ca21b65aef9b3e4efe4965db905
  RNScreens: fa9b582d85ae5d62c91c66003b5278458fed7aaa
  RNSentry: 4ea90ea061624364637e8077d965bf2e50478066
  RNSVG: d00c8f91c3cbf6d476451313a18f04d220d4f396
  Sentry: 4c9babff9034785067c896fd580b1f7de44da020
  Yoga: 8a90b50af67eaa9fe94fd03e550bfeab06096873

PODFILE CHECKSUM: a5eb04ce7e6b275d120042d4e1b684002342d284

COCOAPODS: 1.15.2
